{
  "version": 4,
  "terraform_version": "1.11.1",
  "serial": 4,
  "lineage": "6c2a7036-b085-7c1e-35b1-7dfe703d1f2c",
  "outputs": {
    "backend_container_name": {
      "value": "tfstate",
      "type": "string"
    },
    "backend_key": {
      "value": "todo/terraform.tfstate",
      "type": "string"
    }
  },
  "resources": [
    {
      "mode": "managed",
      "type": "azurerm_storage_account",
      "name": "state",
      "provider": "provider[\"registry.terraform.io/hashicorp/azurerm\"]",
      "instances": [
        {
          "schema_version": 4,
          "attributes": {
            "access_tier": "Hot",
            "account_kind": "StorageV2",
            "account_replication_type": "LRS",
            "account_tier": "Standard",
            "allow_nested_items_to_be_public": true,
            "allowed_copy_scope": "",
            "azure_files_authentication": [],
            "blob_properties": [
              {
                "change_feed_enabled": false,
                "change_feed_retention_in_days": 0,
                "container_delete_retention_policy": [],
                "cors_rule": [],
                "default_service_version": "",
                "delete_retention_policy": [],
                "last_access_time_enabled": false,
                "restore_policy": [],
                "versioning_enabled": false
              }
            ],
            "cross_tenant_replication_enabled": false,
            "custom_domain": [],
            "customer_managed_key": [],
            "default_to_oauth_authentication": false,
            "dns_endpoint_type": "Standard",
            "edge_zone": "",
            "https_traffic_only_enabled": true,
            "id": "/subscriptions/43ca6b39-09a5-4bc0-ab3d-00b5644efd93/resourceGroups/ToDoApp/providers/Microsoft.Storage/storageAccounts/sttfstatestoragetodoapp",
            "identity": [],
            "immutability_policy": [],
            "infrastructure_encryption_enabled": false,
            "is_hns_enabled": false,
            "large_file_share_enabled": false,
            "local_user_enabled": true,
            "location": "polandcentral",
            "min_tls_version": "TLS1_2",
            "name": "sttfstatestoragetodoapp",
            "network_rules": [],
            "nfsv3_enabled": false,
            "primary_access_key": "tKjgPZAEz9eVn9ZsbmsBqrkR9M61pvy3bOkellQvrgeYgCibmdDiYCurUn0OMBcxNByBdjRpffN0+AStoVCX8A==",
            "primary_blob_connection_string": "DefaultEndpointsProtocol=https;BlobEndpoint=https://sttfstatestoragetodoapp.blob.core.windows.net/;AccountName=sttfstatestoragetodoapp;AccountKey=tKjgPZAEz9eVn9ZsbmsBqrkR9M61pvy3bOkellQvrgeYgCibmdDiYCurUn0OMBcxNByBdjRpffN0+AStoVCX8A==",
            "primary_blob_endpoint": "https://sttfstatestoragetodoapp.blob.core.windows.net/",
            "primary_blob_host": "sttfstatestoragetodoapp.blob.core.windows.net",
            "primary_blob_internet_endpoint": "",
            "primary_blob_internet_host": "",
            "primary_blob_microsoft_endpoint": "",
            "primary_blob_microsoft_host": "",
            "primary_connection_string": "DefaultEndpointsProtocol=https;AccountName=sttfstatestoragetodoapp;AccountKey=tKjgPZAEz9eVn9ZsbmsBqrkR9M61pvy3bOkellQvrgeYgCibmdDiYCurUn0OMBcxNByBdjRpffN0+AStoVCX8A==;EndpointSuffix=core.windows.net",
            "primary_dfs_endpoint": "https://sttfstatestoragetodoapp.dfs.core.windows.net/",
            "primary_dfs_host": "sttfstatestoragetodoapp.dfs.core.windows.net",
            "primary_dfs_internet_endpoint": "",
            "primary_dfs_internet_host": "",
            "primary_dfs_microsoft_endpoint": "",
            "primary_dfs_microsoft_host": "",
            "primary_file_endpoint": "https://sttfstatestoragetodoapp.file.core.windows.net/",
            "primary_file_host": "sttfstatestoragetodoapp.file.core.windows.net",
            "primary_file_internet_endpoint": "",
            "primary_file_internet_host": "",
            "primary_file_microsoft_endpoint": "",
            "primary_file_microsoft_host": "",
            "primary_location": "polandcentral",
            "primary_queue_endpoint": "https://sttfstatestoragetodoapp.queue.core.windows.net/",
            "primary_queue_host": "sttfstatestoragetodoapp.queue.core.windows.net",
            "primary_queue_microsoft_endpoint": "",
            "primary_queue_microsoft_host": "",
            "primary_table_endpoint": "https://sttfstatestoragetodoapp.table.core.windows.net/",
            "primary_table_host": "sttfstatestoragetodoapp.table.core.windows.net",
            "primary_table_microsoft_endpoint": "",
            "primary_table_microsoft_host": "",
            "primary_web_endpoint": "https://sttfstatestoragetodoapp.z36.web.core.windows.net/",
            "primary_web_host": "sttfstatestoragetodoapp.z36.web.core.windows.net",
            "primary_web_internet_endpoint": "",
            "primary_web_internet_host": "",
            "primary_web_microsoft_endpoint": "",
            "primary_web_microsoft_host": "",
            "public_network_access_enabled": true,
            "queue_encryption_key_type": "Service",
            "queue_properties": [
              {
                "cors_rule": [],
                "hour_metrics": [
                  {
                    "enabled": false,
                    "include_apis": false,
                    "retention_policy_days": 0,
                    "version": "1.0"
                  }
                ],
                "logging": [
                  {
                    "delete": false,
                    "read": false,
                    "retention_policy_days": 0,
                    "version": "1.0",
                    "write": false
                  }
                ],
                "minute_metrics": [
                  {
                    "enabled": false,
                    "include_apis": false,
                    "retention_policy_days": 0,
                    "version": "1.0"
                  }
                ]
              }
            ],
            "resource_group_name": "ToDoApp",
            "routing": [],
            "sas_policy": [],
            "secondary_access_key": "OoxXZ+0YmNCxvGJCfeuD0n1K9PllmZnvanYe1IzTsigFwXDZ/yTXwft7Qslse8J771JzmR4PXnqA+AStKsbsnQ==",
            "secondary_blob_connection_string": "",
            "secondary_blob_endpoint": "",
            "secondary_blob_host": "",
            "secondary_blob_internet_endpoint": "",
            "secondary_blob_internet_host": "",
            "secondary_blob_microsoft_endpoint": "",
            "secondary_blob_microsoft_host": "",
            "secondary_connection_string": "DefaultEndpointsProtocol=https;AccountName=sttfstatestoragetodoapp;AccountKey=OoxXZ+0YmNCxvGJCfeuD0n1K9PllmZnvanYe1IzTsigFwXDZ/yTXwft7Qslse8J771JzmR4PXnqA+AStKsbsnQ==;EndpointSuffix=core.windows.net",
            "secondary_dfs_endpoint": "",
            "secondary_dfs_host": "",
            "secondary_dfs_internet_endpoint": "",
            "secondary_dfs_internet_host": "",
            "secondary_dfs_microsoft_endpoint": "",
            "secondary_dfs_microsoft_host": "",
            "secondary_file_endpoint": "",
            "secondary_file_host": "",
            "secondary_file_internet_endpoint": "",
            "secondary_file_internet_host": "",
            "secondary_file_microsoft_endpoint": "",
            "secondary_file_microsoft_host": "",
            "secondary_location": "",
            "secondary_queue_endpoint": "",
            "secondary_queue_host": "",
            "secondary_queue_microsoft_endpoint": "",
            "secondary_queue_microsoft_host": "",
            "secondary_table_endpoint": "",
            "secondary_table_host": "",
            "secondary_table_microsoft_endpoint": "",
            "secondary_table_microsoft_host": "",
            "secondary_web_endpoint": "",
            "secondary_web_host": "",
            "secondary_web_internet_endpoint": "",
            "secondary_web_internet_host": "",
            "secondary_web_microsoft_endpoint": "",
            "secondary_web_microsoft_host": "",
            "sftp_enabled": false,
            "share_properties": [
              {
                "cors_rule": [],
                "retention_policy": [
                  {
                    "days": 7
                  }
                ],
                "smb": []
              }
            ],
            "shared_access_key_enabled": true,
            "static_website": [],
            "table_encryption_key_type": "Service",
            "tags": {
              "component": "terraform-state",
              "environment": "dev",
              "workload": "todo-app"
            },
            "timeouts": null
          },
          "sensitive_attributes": [
            [
              {
                "type": "get_attr",
                "value": "primary_access_key"
              }
            ],
            [
              {
                "type": "get_attr",
                "value": "primary_connection_string"
              }
            ],
            [
              {
                "type": "get_attr",
                "value": "secondary_blob_connection_string"
              }
            ],
            [
              {
                "type": "get_attr",
                "value": "secondary_connection_string"
              }
            ],
            [
              {
                "type": "get_attr",
                "value": "secondary_access_key"
              }
            ],
            [
              {
                "type": "get_attr",
                "value": "primary_blob_connection_string"
              }
            ]
          ],
          "private": "eyJlMmJmYjczMC1lY2FhLTExZTYtOGY4OC0zNDM2M2JjN2M0YzAiOnsiY3JlYXRlIjozNjAwMDAwMDAwMDAwLCJkZWxldGUiOjM2MDAwMDAwMDAwMDAsInJlYWQiOjMwMDAwMDAwMDAwMCwidXBkYXRlIjozNjAwMDAwMDAwMDAwfSwic2NoZW1hX3ZlcnNpb24iOiI0In0="
        }
      ]
    },
    {
      "mode": "managed",
      "type": "azurerm_storage_container",
      "name": "state",
      "provider": "provider[\"registry.terraform.io/hashicorp/azurerm\"]",
      "instances": [
        {
          "schema_version": 1,
          "attributes": {
            "container_access_type": "private",
            "default_encryption_scope": "$account-encryption-key",
            "encryption_scope_override_enabled": true,
            "has_immutability_policy": false,
            "has_legal_hold": false,
            "id": "/subscriptions/43ca6b39-09a5-4bc0-ab3d-00b5644efd93/resourceGroups/ToDoApp/providers/Microsoft.Storage/storageAccounts/sttfstatestoragetodoapp/blobServices/default/containers/tfstate",
            "metadata": {},
            "name": "tfstate",
            "resource_manager_id": "/subscriptions/43ca6b39-09a5-4bc0-ab3d-00b5644efd93/resourceGroups/ToDoApp/providers/Microsoft.Storage/storageAccounts/sttfstatestoragetodoapp/blobServices/default/containers/tfstate",
            "storage_account_id": "/subscriptions/43ca6b39-09a5-4bc0-ab3d-00b5644efd93/resourceGroups/ToDoApp/providers/Microsoft.Storage/storageAccounts/sttfstatestoragetodoapp",
            "storage_account_name": "",
            "timeouts": null
          },
          "sensitive_attributes": [],
          "private": "eyJlMmJmYjczMC1lY2FhLTExZTYtOGY4OC0zNDM2M2JjN2M0YzAiOnsiY3JlYXRlIjoxODAwMDAwMDAwMDAwLCJkZWxldGUiOjE4MDAwMDAwMDAwMDAsInJlYWQiOjMwMDAwMDAwMDAwMCwidXBkYXRlIjoxODAwMDAwMDAwMDAwfSwic2NoZW1hX3ZlcnNpb24iOiIxIn0=",
          "dependencies": [
            "azurerm_storage_account.state"
          ]
        }
      ]
    }
  ],
  "check_results": null
}
